// !$*UTF8*$!
{
	archiveVersion = 1;
	classes = {
	};
	objectVersion = 56;
	objects = {

/* Begin PBXBuildFile section */
		971F8F532B8023FC0066E4B4 /* webViewApp.swift in Sources */ = {isa = PBXBuildFile; fileRef = 971F8F522B8023FC0066E4B4 /* webViewApp.swift */; };
		971F8F552B8023FC0066E4B4 /* ContentView.swift in Sources */ = {isa = PBXBuildFile; fileRef = 971F8F542B8023FC0066E4B4 /* ContentView.swift */; };
		971F8F572B8023FD0066E4B4 /* Assets.xcassets in Resources */ = {isa = PBXBuildFile; fileRef = 971F8F562B8023FD0066E4B4 /* Assets.xcassets */; };
		971F8F5A2B8023FD0066E4B4 /* Preview Assets.xcassets in Resources */ = {isa = PBXBuildFile; fileRef = 971F8F592B8023FD0066E4B4 /* Preview Assets.xcassets */; };
		971F8F652B8023FD0066E4B4 /* webViewTests.swift in Sources */ = {isa = PBXBuildFile; fileRef = 971F8F642B8023FD0066E4B4 /* webViewTests.swift */; };
		971F8F6F2B8023FD0066E4B4 /* webViewUITests.swift in Sources */ = {isa = PBXBuildFile; fileRef = 971F8F6E2B8023FD0066E4B4 /* webViewUITests.swift */; };
		971F8F712B8023FD0066E4B4 /* webViewUITestsLaunchTests.swift in Sources */ = {isa = PBXBuildFile; fileRef = 971F8F702B8023FD0066E4B4 /* webViewUITestsLaunchTests.swift */; };
		971F8F7F2B80264A0066E4B4 /* SwiftUI.framework in Frameworks */ = {isa = PBXBuildFile; fileRef = 971F8F7E2B80264A0066E4B4 /* SwiftUI.framework */; };
		971F8F812B80587D0066E4B4 /* WebKit.framework in Frameworks */ = {isa = PBXBuildFile; fileRef = 971F8F802B80587D0066E4B4 /* WebKit.framework */; };
		97DF66C12B86FFAF009F61B9 /* webViewSUI.swift in Sources */ = {isa = PBXBuildFile; fileRef = 97DF66C02B86FFAF009F61B9 /* webViewSUI.swift */; };
/* End PBXBuildFile section */

/* Begin PBXContainerItemProxy section */
		971F8F612B8023FD0066E4B4 /* PBXContainerItemProxy */ = {
			isa = PBXContainerItemProxy;
			containerPortal = 971F8F472B8023FB0066E4B4 /* Project object */;
			proxyType = 1;
			remoteGlobalIDString = 971F8F4E2B8023FB0066E4B4;
			remoteInfo = webView;
		};
		971F8F6B2B8023FD0066E4B4 /* PBXContainerItemProxy */ = {
			isa = PBXContainerItemProxy;
			containerPortal = 971F8F472B8023FB0066E4B4 /* Project object */;
			proxyType = 1;
			remoteGlobalIDString = 971F8F4E2B8023FB0066E4B4;
			remoteInfo = webView;
		};
/* End PBXContainerItemProxy section */

/* Begin PBXFileReference section */
		971F8F4F2B8023FC0066E4B4 /* webView.app */ = {isa = PBXFileReference; explicitFileType = wrapper.application; includeInIndex = 0; path = webView.app; sourceTree = BUILT_PRODUCTS_DIR; };
		971F8F522B8023FC0066E4B4 /* webViewApp.swift */ = {isa = PBXFileReference; lastKnownFileType = sourcecode.swift; path = webViewApp.swift; sourceTree = "<group>"; };
		971F8F542B8023FC0066E4B4 /* ContentView.swift */ = {isa = PBXFileReference; lastKnownFileType = sourcecode.swift; path = ContentView.swift; sourceTree = "<group>"; };
		971F8F562B8023FD0066E4B4 /* Assets.xcassets */ = {isa = PBXFileReference; lastKnownFileType = folder.assetcatalog; path = Assets.xcassets; sourceTree = "<group>"; };
		971F8F592B8023FD0066E4B4 /* Preview Assets.xcassets */ = {isa = PBXFileReference; lastKnownFileType = folder.assetcatalog; path = "Preview Assets.xcassets"; sourceTree = "<group>"; };
		971F8F5B2B8023FD0066E4B4 /* webView.entitlements */ = {isa = PBXFileReference; lastKnownFileType = text.plist.entitlements; path = webView.entitlements; sourceTree = "<group>"; };
		971F8F602B8023FD0066E4B4 /* webViewTests.xctest */ = {isa = PBXFileReference; explicitFileType = wrapper.cfbundle; includeInIndex = 0; path = webViewTests.xctest; sourceTree = BUILT_PRODUCTS_DIR; };
		971F8F642B8023FD0066E4B4 /* webViewTests.swift */ = {isa = PBXFileReference; lastKnownFileType = sourcecode.swift; path = webViewTests.swift; sourceTree = "<group>"; };
		971F8F6A2B8023FD0066E4B4 /* webViewUITests.xctest */ = {isa = PBXFileReference; explicitFileType = wrapper.cfbundle; includeInIndex = 0; path = webViewUITests.xctest; sourceTree = BUILT_PRODUCTS_DIR; };
		971F8F6E2B8023FD0066E4B4 /* webViewUITests.swift */ = {isa = PBXFileReference; lastKnownFileType = sourcecode.swift; path = webViewUITests.swift; sourceTree = "<group>"; };
		971F8F702B8023FD0066E4B4 /* webViewUITestsLaunchTests.swift */ = {isa = PBXFileReference; lastKnownFileType = sourcecode.swift; path = webViewUITestsLaunchTests.swift; sourceTree = "<group>"; };
		971F8F7E2B80264A0066E4B4 /* SwiftUI.framework */ = {isa = PBXFileReference; lastKnownFileType = wrapper.framework; name = SwiftUI.framework; path = System/Library/Frameworks/SwiftUI.framework; sourceTree = SDKROOT; };
		971F8F802B80587D0066E4B4 /* WebKit.framework */ = {isa = PBXFileReference; lastKnownFileType = wrapper.framework; name = WebKit.framework; path = System/Library/Frameworks/WebKit.framework; sourceTree = SDKROOT; };
		971F8F822B8063150066E4B4 /* Info.plist */ = {isa = PBXFileReference; lastKnownFileType = text.plist; path = Info.plist; sourceTree = "<group>"; };
		97DF66C02B86FFAF009F61B9 /* webViewSUI.swift */ = {isa = PBXFileReference; lastKnownFileType = sourcecode.swift; path = webViewSUI.swift; sourceTree = "<group>"; };
/* End PBXFileReference section */

/* Begin PBXFrameworksBuildPhase section */
		971F8F4C2B8023FB0066E4B4 /* Frameworks */ = {
			isa = PBXFrameworksBuildPhase;
			buildActionMask = 2147483647;
			files = (
				971F8F812B80587D0066E4B4 /* WebKit.framework in Frameworks */,
				971F8F7F2B80264A0066E4B4 /* SwiftUI.framework in Frameworks */,
			);
			runOnlyForDeploymentPostprocessing = 0;
		};
		971F8F5D2B8023FD0066E4B4 /* Frameworks */ = {
			isa = PBXFrameworksBuildPhase;
			buildActionMask = 2147483647;
			files = (
			);
			runOnlyForDeploymentPostprocessing = 0;
		};
		971F8F672B8023FD0066E4B4 /* Frameworks */ = {
			isa = PBXFrameworksBuildPhase;
			buildActionMask = 2147483647;
			files = (
			);
			runOnlyForDeploymentPostprocessing = 0;
		};
/* End PBXFrameworksBuildPhase section */

/* Begin PBXGroup section */
		971F8F462B8023FB0066E4B4 = {
			isa = PBXGroup;
			children = (
				971F8F512B8023FC0066E4B4 /* webView */,
				971F8F632B8023FD0066E4B4 /* webViewTests */,
				971F8F6D2B8023FD0066E4B4 /* webViewUITests */,
				971F8F502B8023FC0066E4B4 /* Products */,
				971F8F7D2B80264A0066E4B4 /* Frameworks */,
			);
			sourceTree = "<group>";
		};
		971F8F502B8023FC0066E4B4 /* Products */ = {
			isa = PBXGroup;
			children = (
				971F8F4F2B8023FC0066E4B4 /* webView.app */,
				971F8F602B8023FD0066E4B4 /* webViewTests.xctest */,
				971F8F6A2B8023FD0066E4B4 /* webViewUITests.xctest */,
			);
			name = Products;
			sourceTree = "<group>";
		};
		971F8F512B8023FC0066E4B4 /* webView */ = {
			isa = PBXGroup;
			children = (
				971F8F822B8063150066E4B4 /* Info.plist */,
				971F8F522B8023FC0066E4B4 /* webViewApp.swift */,
				971F8F542B8023FC0066E4B4 /* ContentView.swift */,
				97DF66C02B86FFAF009F61B9 /* webViewSUI.swift */,
				971F8F562B8023FD0066E4B4 /* Assets.xcassets */,
				971F8F5B2B8023FD0066E4B4 /* webView.entitlements */,
				971F8F582B8023FD0066E4B4 /* Preview Content */,
			);
			path = webView;
			sourceTree = "<group>";
		};
		971F8F582B8023FD0066E4B4 /* Preview Content */ = {
			isa = PBXGroup;
			children = (
				971F8F592B8023FD0066E4B4 /* Preview Assets.xcassets */,
			);
			path = "Preview Content";
			sourceTree = "<group>";
		};
		971F8F632B8023FD0066E4B4 /* webViewTests */ = {
			isa = PBXGroup;
			children = (
				971F8F642B8023FD0066E4B4 /* webViewTests.swift */,
			);
			path = webViewTests;
			sourceTree = "<group>";
		};
		971F8F6D2B8023FD0066E4B4 /* webViewUITests */ = {
			isa = PBXGroup;
			children = (
				971F8F6E2B8023FD0066E4B4 /* webViewUITests.swift */,
				971F8F702B8023FD0066E4B4 /* webViewUITestsLaunchTests.swift */,
			);
			path = webViewUITests;
			sourceTree = "<group>";
		};
		971F8F7D2B80264A0066E4B4 /* Frameworks */ = {
			isa = PBXGroup;
			children = (
				971F8F802B80587D0066E4B4 /* WebKit.framework */,
				971F8F7E2B80264A0066E4B4 /* SwiftUI.framework */,
			);
			name = Frameworks;
			sourceTree = "<group>";
		};
/* End PBXGroup section */

/* Begin PBXNativeTarget section */
		971F8F4E2B8023FB0066E4B4 /* webView */ = {
			isa = PBXNativeTarget;
			buildConfigurationList = 971F8F742B8023FD0066E4B4 /* Build configuration list for PBXNativeTarget "webView" */;
			buildPhases = (
				971F8F4B2B8023FB0066E4B4 /* Sources */,
				971F8F4C2B8023FB0066E4B4 /* Frameworks */,
				971F8F4D2B8023FB0066E4B4 /* Resources */,
			);
			buildRules = (
			);
			dependencies = (
			);
			name = webView;
			productName = webView;
			productReference = 971F8F4F2B8023FC0066E4B4 /* webView.app */;
			productType = "com.apple.product-type.application";
		};
		971F8F5F2B8023FD0066E4B4 /* webViewTests */ = {
			isa = PBXNativeTarget;
			buildConfigurationList = 971F8F772B8023FD0066E4B4 /* Build configuration list for PBXNativeTarget "webViewTests" */;
			buildPhases = (
				971F8F5C2B8023FD0066E4B4 /* Sources */,
				971F8F5D2B8023FD0066E4B4 /* Frameworks */,
				971F8F5E2B8023FD0066E4B4 /* Resources */,
			);
			buildRules = (
			);
			dependencies = (
				971F8F622B8023FD0066E4B4 /* PBXTargetDependency */,
			);
			name = webViewTests;
			productName = webViewTests;
			productReference = 971F8F602B8023FD0066E4B4 /* webViewTests.xctest */;
			productType = "com.apple.product-type.bundle.unit-test";
		};
		971F8F692B8023FD0066E4B4 /* webViewUITests */ = {
			isa = PBXNativeTarget;
			buildConfigurationList = 971F8F7A2B8023FD0066E4B4 /* Build configuration list for PBXNativeTarget "webViewUITests" */;
			buildPhases = (
				971F8F662B8023FD0066E4B4 /* Sources */,
				971F8F672B8023FD0066E4B4 /* Frameworks */,
				971F8F682B8023FD0066E4B4 /* Resources */,
			);
			buildRules = (
			);
			dependencies = (
				971F8F6C2B8023FD0066E4B4 /* PBXTargetDependency */,
			);
			name = webViewUITests;
			productName = webViewUITests;
			productReference = 971F8F6A2B8023FD0066E4B4 /* webViewUITests.xctest */;
			productType = "com.apple.product-type.bundle.ui-testing";
		};
/* End PBXNativeTarget section */

/* Begin PBXProject section */
		971F8F472B8023FB0066E4B4 /* Project object */ = {
			isa = PBXProject;
			attributes = {
				BuildIndependentTargetsInParallel = 1;
				LastSwiftUpdateCheck = 1520;
				LastUpgradeCheck = 1520;
				TargetAttributes = {
					971F8F4E2B8023FB0066E4B4 = {
						CreatedOnToolsVersion = 15.2;
					};
					971F8F5F2B8023FD0066E4B4 = {
						CreatedOnToolsVersion = 15.2;
						TestTargetID = 971F8F4E2B8023FB0066E4B4;
					};
					971F8F692B8023FD0066E4B4 = {
						CreatedOnToolsVersion = 15.2;
						TestTargetID = 971F8F4E2B8023FB0066E4B4;
					};
				};
			};
			buildConfigurationList = 971F8F4A2B8023FB0066E4B4 /* Build configuration list for PBXProject "webView" */;
			compatibilityVersion = "Xcode 14.0";
			developmentRegion = en;
			hasScannedForEncodings = 0;
			knownRegions = (
				en,
				Base,
			);
			mainGroup = 971F8F462B8023FB0066E4B4;
			productRefGroup = 971F8F502B8023FC0066E4B4 /* Products */;
			projectDirPath = "";
			projectRoot = "";
			targets = (
				971F8F4E2B8023FB0066E4B4 /* webView */,
				971F8F5F2B8023FD0066E4B4 /* webViewTests */,
				971F8F692B8023FD0066E4B4 /* webViewUITests */,
			);
		};
/* End PBXProject section */

/* Begin PBXResourcesBuildPhase section */
		971F8F4D2B8023FB0066E4B4 /* Resources */ = {
			isa = PBXResourcesBuildPhase;
			buildActionMask = 2147483647;
			files = (
				971F8F5A2B8023FD0066E4B4 /* Preview Assets.xcassets in Resources */,
				971F8F572B8023FD0066E4B4 /* Assets.xcassets in Resources */,
			);
			runOnlyForDeploymentPostprocessing = 0;
		};
		971F8F5E2B8023FD0066E4B4 /* Resources */ = {
			isa = PBXResourcesBuildPhase;
			buildActionMask = 2147483647;
			files = (
			);
			runOnlyForDeploymentPostprocessing = 0;
		};
		971F8F682B8023FD0066E4B4 /* Resources */ = {
			isa = PBXResourcesBuildPhase;
			buildActionMask = 2147483647;
			files = (
			);
			runOnlyForDeploymentPostprocessing = 0;
		};
/* End PBXResourcesBuildPhase section */

/* Begin PBXSourcesBuildPhase section */
		971F8F4B2B8023FB0066E4B4 /* Sources */ = {
			isa = PBXSourcesBuildPhase;
			buildActionMask = 2147483647;
			files = (
				971F8F552B8023FC0066E4B4 /* ContentView.swift in Sources */,
				971F8F532B8023FC0066E4B4 /* webViewApp.swift in Sources */,
				97DF66C12B86FFAF009F61B9 /* webViewSUI.swift in Sources */,
			);
			runOnlyForDeploymentPostprocessing = 0;
		};
		971F8F5C2B8023FD0066E4B4 /* Sources */ = {
			isa = PBXSourcesBuildPhase;
			buildActionMask = 2147483647;
			files = (
				971F8F652B8023FD0066E4B4 /* webViewTests.swift in Sources */,
			);
			runOnlyForDeploymentPostprocessing = 0;
		};
		971F8F662B8023FD0066E4B4 /* Sources */ = {
			isa = PBXSourcesBuildPhase;
			buildActionMask = 2147483647;
			files = (
				971F8F712B8023FD0066E4B4 /* webViewUITestsLaunchTests.swift in Sources */,
				971F8F6F2B8023FD0066E4B4 /* webViewUITests.swift in Sources */,
			);
			runOnlyForDeploymentPostprocessing = 0;
		};
/* End PBXSourcesBuildPhase section */

/* Begin PBXTargetDependency section */
		971F8F622B8023FD0066E4B4 /* PBXTargetDependency */ = {
			isa = PBXTargetDependency;
			target = 971F8F4E2B8023FB0066E4B4 /* webView */;
			targetProxy = 971F8F612B8023FD0066E4B4 /* PBXContainerItemProxy */;
		};
		971F8F6C2B8023FD0066E4B4 /* PBXTargetDependency */ = {
			isa = PBXTargetDependency;
			target = 971F8F4E2B8023FB0066E4B4 /* webView */;
			targetProxy = 971F8F6B2B8023FD0066E4B4 /* PBXContainerItemProxy */;
		};
/* End PBXTargetDependency section */

/* Begin XCBuildConfiguration section */
		971F8F722B8023FD0066E4B4 /* Debug */ = {
			isa = XCBuildConfiguration;
			buildSettings = {
				ALWAYS_SEARCH_USER_PATHS = NO;
				ASSETCATALOG_COMPILER_GENERATE_SWIFT_ASSET_SYMBOL_EXTENSIONS = YES;
				CLANG_ANALYZER_NONNULL = YES;
				CLANG_ANALYZER_NUMBER_OBJECT_CONVERSION = YES_AGGRESSIVE;
				CLANG_CXX_LANGUAGE_STANDARD = "gnu++20";
				CLANG_ENABLE_MODULES = YES;
				CLANG_ENABLE_OBJC_ARC = YES;
				CLANG_ENABLE_OBJC_WEAK = YES;
				CLANG_WARN_BLOCK_CAPTURE_AUTORELEASING = YES;
				CLANG_WARN_BOOL_CONVERSION = YES;
				CLANG_WARN_COMMA = YES;
				CLANG_WARN_CONSTANT_CONVERSION = YES;
				CLANG_WARN_DEPRECATED_OBJC_IMPLEMENTATIONS = YES;
				CLANG_WARN_DIRECT_OBJC_ISA_USAGE = YES_ERROR;
				CLANG_WARN_DOCUMENTATION_COMMENTS = YES;
				CLANG_WARN_EMPTY_BODY = YES;
				CLANG_WARN_ENUM_CONVERSION = YES;
				CLANG_WARN_INFINITE_RECURSION = YES;
				CLANG_WARN_INT_CONVERSION = YES;
				CLANG_WARN_NON_LITERAL_NULL_CONVERSION = YES;
				CLANG_WARN_OBJC_IMPLICIT_RETAIN_SELF = YES;
				CLANG_WARN_OBJC_LITERAL_CONVERSION = YES;
				CLANG_WARN_OBJC_ROOT_CLASS = YES_ERROR;
				CLANG_WARN_QUOTED_INCLUDE_IN_FRAMEWORK_HEADER = YES;
				CLANG_WARN_RANGE_LOOP_ANALYSIS = YES;
				CLANG_WARN_STRICT_PROTOTYPES = YES;
				CLANG_WARN_SUSPICIOUS_MOVE = YES;
				CLANG_WARN_UNGUARDED_AVAILABILITY = YES_AGGRESSIVE;
				CLANG_WARN_UNREACHABLE_CODE = YES;
				CLANG_WARN__DUPLICATE_METHOD_MATCH = YES;
				COPY_PHASE_STRIP = NO;
				DEBUG_INFORMATION_FORMAT = dwarf;
				ENABLE_STRICT_OBJC_MSGSEND = YES;
				ENABLE_TESTABILITY = YES;
				ENABLE_USER_SCRIPT_SANDBOXING = YES;
				GCC_C_LANGUAGE_STANDARD = gnu17;
				GCC_DYNAMIC_NO_PIC = NO;
				GCC_NO_COMMON_BLOCKS = YES;
				GCC_OPTIMIZATION_LEVEL = 0;
				GCC_PREPROCESSOR_DEFINITIONS = (
					"DEBUG=1",
					"$(inherited)",
				);
				GCC_WARN_64_TO_32_BIT_CONVERSION = YES;
				GCC_WARN_ABOUT_RETURN_TYPE = YES_ERROR;
				GCC_WARN_UNDECLARED_SELECTOR = YES;
				GCC_WARN_UNINITIALIZED_AUTOS = YES_AGGRESSIVE;
				GCC_WARN_UNUSED_FUNCTION = YES;
				GCC_WARN_UNUSED_VARIABLE = YES;
				LOCALIZATION_PREFERS_STRING_CATALOGS = YES;
				MACOSX_DEPLOYMENT_TARGET = 14.2;
				MTL_ENABLE_DEBUG_INFO = INCLUDE_SOURCE;
				MTL_FAST_MATH = YES;
				ONLY_ACTIVE_ARCH = YES;
				SDKROOT = macosx;
				SWIFT_ACTIVE_COMPILATION_CONDITIONS = "DEBUG $(inherited)";
				SWIFT_OPTIMIZATION_LEVEL = "-Onone";
			};
			name = Debug;
		};
		971F8F732B8023FD0066E4B4 /* Release */ = {
			isa = XCBuildConfiguration;
			buildSettings = {
				ALWAYS_SEARCH_USER_PATHS = NO;
				ASSETCATALOG_COMPILER_GENERATE_SWIFT_ASSET_SYMBOL_EXTENSIONS = YES;
				CLANG_ANALYZER_NONNULL = YES;
				CLANG_ANALYZER_NUMBER_OBJECT_CONVERSION = YES_AGGRESSIVE;
				CLANG_CXX_LANGUAGE_STANDARD = "gnu++20";
				CLANG_ENABLE_MODULES = YES;
				CLANG_ENABLE_OBJC_ARC = YES;
				CLANG_ENABLE_OBJC_WEAK = YES;
				CLANG_WARN_BLOCK_CAPTURE_AUTORELEASING = YES;
				CLANG_WARN_BOOL_CONVERSION = YES;
				CLANG_WARN_COMMA = YES;
				CLANG_WARN_CONSTANT_CONVERSION = YES;
				CLANG_WARN_DEPRECATED_OBJC_IMPLEMENTATIONS = YES;
				CLANG_WARN_DIRECT_OBJC_ISA_USAGE = YES_ERROR;
				CLANG_WARN_DOCUMENTATION_COMMENTS = YES;
				CLANG_WARN_EMPTY_BODY = YES;
				CLANG_WARN_ENUM_CONVERSION = YES;
				CLANG_WARN_INFINITE_RECURSION = YES;
				CLANG_WARN_INT_CONVERSION = YES;
				CLANG_WARN_NON_LITERAL_NULL_CONVERSION = YES;
				CLANG_WARN_OBJC_IMPLICIT_RETAIN_SELF = YES;
				CLANG_WARN_OBJC_LITERAL_CONVERSION = YES;
				CLANG_WARN_OBJC_ROOT_CLASS = YES_ERROR;
				CLANG_WARN_QUOTED_INCLUDE_IN_FRAMEWORK_HEADER = YES;
				CLANG_WARN_RANGE_LOOP_ANALYSIS = YES;
				CLANG_WARN_STRICT_PROTOTYPES = YES;
				CLANG_WARN_SUSPICIOUS_MOVE = YES;
				CLANG_WARN_UNGUARDED_AVAILABILITY = YES_AGGRESSIVE;
				CLANG_WARN_UNREACHABLE_CODE = YES;
				CLANG_WARN__DUPLICATE_METHOD_MATCH = YES;
				COPY_PHASE_STRIP = NO;
				DEBUG_INFORMATION_FORMAT = "dwarf-with-dsym";
				ENABLE_NS_ASSERTIONS = NO;
				ENABLE_STRICT_OBJC_MSGSEND = YES;
				ENABLE_USER_SCRIPT_SANDBOXING = YES;
				GCC_C_LANGUAGE_STANDARD = gnu17;
				GCC_NO_COMMON_BLOCKS = YES;
				GCC_WARN_64_TO_32_BIT_CONVERSION = YES;
				GCC_WARN_ABOUT_RETURN_TYPE = YES_ERROR;
				GCC_WARN_UNDECLARED_SELECTOR = YES;
				GCC_WARN_UNINITIALIZED_AUTOS = YES_AGGRESSIVE;
				GCC_WARN_UNUSED_FUNCTION = YES;
				GCC_WARN_UNUSED_VARIABLE = YES;
				LOCALIZATION_PREFERS_STRING_CATALOGS = YES;
				MACOSX_DEPLOYMENT_TARGET = 14.2;
				MTL_ENABLE_DEBUG_INFO = NO;
				MTL_FAST_MATH = YES;
				SDKROOT = macosx;
				SWIFT_COMPILATION_MODE = wholemodule;
			};
			name = Release;
		};
		971F8F752B8023FD0066E4B4 /* Debug */ = {
			isa = XCBuildConfiguration;
			buildSettings = {
				ASSETCATALOG_COMPILER_APPICON_NAME = AppIcon;
				ASSETCATALOG_COMPILER_GLOBAL_ACCENT_COLOR_NAME = AccentColor;
				CODE_SIGN_ENTITLEMENTS = webView/webView.entitlements;
				CODE_SIGN_STYLE = Automatic;
				COMBINE_HIDPI_IMAGES = YES;
				CURRENT_PROJECT_VERSION = 1;
				DEVELOPMENT_ASSET_PATHS = "\"webView/Preview Content\"";
				DEVELOPMENT_TEAM = 7QPZTLEJ7L;
				ENABLE_HARDENED_RUNTIME = YES;
				ENABLE_PREVIEWS = YES;
				GENERATE_INFOPLIST_FILE = YES;
				INFOPLIST_FILE = webView/Info.plist;
				INFOPLIST_KEY_NSHumanReadableCopyright = "";
				LD_RUNPATH_SEARCH_PATHS = (
					"$(inherited)",
					"@executable_path/../Frameworks",
				);
				MARKETING_VERSION = 0.1;
				PRODUCT_BUNDLE_IDENTIFIER = com.gamerocketstudio.webView;
				PRODUCT_NAME = "$(TARGET_NAME)";
				SWIFT_EMIT_LOC_STRINGS = YES;
				SWIFT_VERSION = 5.0;
			};
			name = Debug;
		};
		971F8F762B8023FD0066E4B4 /* Release */ = {
			isa = XCBuildConfiguration;
			buildSettings = {
				ASSETCATALOG_COMPILER_APPICON_NAME = AppIcon;
				ASSETCATALOG_COMPILER_GLOBAL_ACCENT_COLOR_NAME = AccentColor;
				CODE_SIGN_ENTITLEMENTS = webView/webView.entitlements;
				CODE_SIGN_STYLE = Automatic;
				COMBINE_HIDPI_IMAGES = YES;
				CURRENT_PROJECT_VERSION = 1;
				DEVELOPMENT_ASSET_PATHS = "\"webView/Preview Content\"";
				DEVELOPMENT_TEAM = 7QPZTLEJ7L;
				ENABLE_HARDENED_RUNTIME = YES;
				ENABLE_PREVIEWS = YES;
				GENERATE_INFOPLIST_FILE = YES;
				INFOPLIST_FILE = webView/Info.plist;
				INFOPLIST_KEY_NSHumanReadableCopyright = "";
				LD_RUNPATH_SEARCH_PATHS = (
					"$(inherited)",
					"@executable_path/../Frameworks",
				);
				MARKETING_VERSION = 0.1;
				PRODUCT_BUNDLE_IDENTIFIER = com.gamerocketstudio.webView;
				PRODUCT_NAME = "$(TARGET_NAME)";
				SWIFT_EMIT_LOC_STRINGS = YES;
				SWIFT_VERSION = 5.0;
			};
			name = Release;
		};
		971F8F782B8023FD0066E4B4 /* Debug */ = {
			isa = XCBuildConfiguration;
			buildSettings = {
				ALWAYS_EMBED_SWIFT_STANDARD_LIBRARIES = YES;
				BUNDLE_LOADER = "$(TEST_HOST)";
				CODE_SIGN_STYLE = Automatic;
				CURRENT_PROJECT_VERSION = 1;
				DEVELOPMENT_TEAM = 7QPZTLEJ7L;
				GENERATE_INFOPLIST_FILE = YES;
				MACOSX_DEPLOYMENT_TARGET = 14.2;
				MARKETING_VERSION = 1.0;
				PRODUCT_BUNDLE_IDENTIFIER = com.gamerocketstudio.webViewTests;
				PRODUCT_NAME = "$(TARGET_NAME)";
				SWIFT_EMIT_LOC_STRINGS = NO;
				SWIFT_VERSION = 5.0;
				TEST_HOST = "$(BUILT_PRODUCTS_DIR)/webView.app/$(BUNDLE_EXECUTABLE_FOLDER_PATH)/webView";
			};
			name = Debug;
		};
		971F8F792B8023FD0066E4B4 /* Release */ = {
			isa = XCBuildConfiguration;
			buildSettings = {
				ALWAYS_EMBED_SWIFT_STANDARD_LIBRARIES = YES;
				BUNDLE_LOADER = "$(TEST_HOST)";
				CODE_SIGN_STYLE = Automatic;
				CURRENT_PROJECT_VERSION = 1;
				DEVELOPMENT_TEAM = 7QPZTLEJ7L;
				GENERATE_INFOPLIST_FILE = YES;
				MACOSX_DEPLOYMENT_TARGET = 14.2;
				MARKETING_VERSION = 1.0;
				PRODUCT_BUNDLE_IDENTIFIER = com.gamerocketstudio.webViewTests;
				PRODUCT_NAME = "$(TARGET_NAME)";
				SWIFT_EMIT_LOC_STRINGS = NO;
				SWIFT_VERSION = 5.0;
				TEST_HOST = "$(BUILT_PRODUCTS_DIR)/webView.app/$(BUNDLE_EXECUTABLE_FOLDER_PATH)/webView";
			};
			name = Release;
		};
		971F8F7B2B8023FD0066E4B4 /* Debug */ = {
			isa = XCBuildConfiguration;
			buildSettings = {
				ALWAYS_EMBED_SWIFT_STANDARD_LIBRARIES = YES;
				CODE_SIGN_STYLE = Automatic;
				CURRENT_PROJECT_VERSION = 1;
				DEVELOPMENT_TEAM = 7QPZTLEJ7L;
				GENERATE_INFOPLIST_FILE = YES;
				MARKETING_VERSION = 1.0;
				PRODUCT_BUNDLE_IDENTIFIER = com.gamerocketstudio.webViewUITests;
				PRODUCT_NAME = "$(TARGET_NAME)";
				SWIFT_EMIT_LOC_STRINGS = NO;
				SWIFT_VERSION = 5.0;
				TEST_TARGET_NAME = webView;
			};
			name = Debug;
		};
		971F8F7C2B8023FD0066E4B4 /* Release */ = {
			isa = XCBuildConfiguration;
			buildSettings = {
				ALWAYS_EMBED_SWIFT_STANDARD_LIBRARIES = YES;
				CODE_SIGN_STYLE = Automatic;
				CURRENT_PROJECT_VERSION = 1;
				DEVELOPMENT_TEAM = 7QPZTLEJ7L;
				GENERATE_INFOPLIST_FILE = YES;
				MARKETING_VERSION = 1.0;
				PRODUCT_BUNDLE_IDENTIFIER = com.gamerocketstudio.webViewUITests;
				PRODUCT_NAME = "$(TARGET_NAME)";
				SWIFT_EMIT_LOC_STRINGS = NO;
				SWIFT_VERSION = 5.0;
				TEST_TARGET_NAME = webView;
			};
			name = Release;
		};
/* End XCBuildConfiguration section */

/* Begin XCConfigurationList section */
		971F8F4A2B8023FB0066E4B4 /* Build configuration list for PBXProject "webView" */ = {
			isa = XCConfigurationList;
			buildConfigurations = (
				971F8F722B8023FD0066E4B4 /* Debug */,
				971F8F732B8023FD0066E4B4 /* Release */,
			);
			defaultConfigurationIsVisible = 0;
			defaultConfigurationName = Release;
		};
		971F8F742B8023FD0066E4B4 /* Build configuration list for PBXNativeTarget "webView" */ = {
			isa = XCConfigurationList;
			buildConfigurations = (
				971F8F752B8023FD0066E4B4 /* Debug */,
				971F8F762B8023FD0066E4B4 /* Release */,
			);
			defaultConfigurationIsVisible = 0;
			defaultConfigurationName = Release;
		};
		971F8F772B8023FD0066E4B4 /* Build configuration list for PBXNativeTarget "webViewTests" */ = {
			isa = XCConfigurationList;
			buildConfigurations = (
				971F8F782B8023FD0066E4B4 /* Debug */,
				971F8F792B8023FD0066E4B4 /* Release */,
			);
			defaultConfigurationIsVisible = 0;
			defaultConfigurationName = Release;
		};
		971F8F7A2B8023FD0066E4B4 /* Build configuration list for PBXNativeTarget "webViewUITests" */ = {
			isa = XCConfigurationList;
			buildConfigurations = (
				971F8F7B2B8023FD0066E4B4 /* Debug */,
				971F8F7C2B8023FD0066E4B4 /* Release */,
			);
			defaultConfigurationIsVisible = 0;
			defaultConfigurationName = Release;
		};
/* End XCConfigurationList section */
	};
	rootObject = 971F8F472B8023FB0066E4B4 /* Project object */;
}
